
Microsoft Visual Studio Solution File, Format Version 12.00
# Visual Studio Version 17
VisualStudioVersion = 17.4.33103.184
MinimumVisualStudioVersion = 10.0.40219.1
Project("{FAE04EC0-301F-11D3-BF4B-00C04F79EFBC}") = "Todo_MinimalWebAPI", "Todo_MinimalWebAPI\Todo_MinimalWebAPI.csproj", "{1D981C3A-26F9-439E-ACBA-2D45D2DFCA72}"
EndProject
Global
	GlobalSection(SolutionConfigurationPlatforms) = preSolution
		Debug|Any CPU = Debug|Any CPU
		Release|Any CPU = Release|Any CPU
	EndGlobalSection
	GlobalSection(ProjectConfigurationPlatforms) = postSolution
		{1D981C3A-26F9-439E-ACBA-2D45D2DFCA72}.Debug|Any CPU.ActiveCfg = Debug|Any CPU
		{1D981C3A-26F9-439E-ACBA-2D45D2DFCA72}.Debug|Any CPU.Build.0 = Debug|Any CPU
		{1D981C3A-26F9-439E-ACBA-2D45D2DFCA72}.Release|Any CPU.ActiveCfg = Release|Any CPU
		{1D981C3A-26F9-439E-ACBA-2D45D2DFCA72}.Release|Any CPU.Build.0 = Release|Any CPU
	EndGlobalSection
	GlobalSection(SolutionProperties) = preSolution
		HideSolutionNode = FALSE
	EndGlobalSection
	GlobalSection(ExtensibilityGlobals) = postSolution
		SolutionGuid = {C1325B84-B4BE-467D-8342-15D85C7D8EB6}
	EndGlobalSection
EndGlobal
